
Microsoft Visual Studio Solution File, Format Version 12.00
# Visual Studio Version 17
VisualStudioVersion = 17.5.33502.453
MinimumVisualStudioVersion = 10.0.40219.1
Project("{FAE04EC0-301F-11D3-BF4B-00C04F79EFBC}") = "Switch_case_interacao", "Switch_case_interacao\Switch_case_interacao.csproj", "{972A03BD-9021-408F-B267-E9F7AE19B539}"
EndProject
Global
	GlobalSection(SolutionConfigurationPlatforms) = preSolution
		Debug|Any CPU = Debug|Any CPU
		Release|Any CPU = Release|Any CPU
	EndGlobalSection
	GlobalSection(ProjectConfigurationPlatforms) = postSolution
		{972A03BD-9021-408F-B267-E9F7AE19B539}.Debug|Any CPU.ActiveCfg = Debug|Any CPU
		{972A03BD-9021-408F-B267-E9F7AE19B539}.Debug|Any CPU.Build.0 = Debug|Any CPU
		{972A03BD-9021-408F-B267-E9F7AE19B539}.Release|Any CPU.ActiveCfg = Release|Any CPU
		{972A03BD-9021-408F-B267-E9F7AE19B539}.Release|Any CPU.Build.0 = Release|Any CPU
	EndGlobalSection
	GlobalSection(SolutionProperties) = preSolution
		HideSolutionNode = FALSE
	EndGlobalSection
	GlobalSection(ExtensibilityGlobals) = postSolution
		SolutionGuid = {7B25998A-668F-4550-96FE-C5D74BFE998A}
	EndGlobalSection
EndGlobal
