
Microsoft Visual Studio Solution File, Format Version 12.00
# Visual Studio Version 17
VisualStudioVersion = 17.5.33502.453
MinimumVisualStudioVersion = 10.0.40219.1
Project("{FAE04EC0-301F-11D3-BF4B-00C04F79EFBC}") = "VetorMaiorElementoEPosicao", "VetorMaiorElementoEPosicao\VetorMaiorElementoEPosicao.csproj", "{656EC8C6-EEDE-41F6-849D-1ECBC5BD34AD}"
EndProject
Global
	GlobalSection(SolutionConfigurationPlatforms) = preSolution
		Debug|Any CPU = Debug|Any CPU
		Release|Any CPU = Release|Any CPU
	EndGlobalSection
	GlobalSection(ProjectConfigurationPlatforms) = postSolution
		{656EC8C6-EEDE-41F6-849D-1ECBC5BD34AD}.Debug|Any CPU.ActiveCfg = Debug|Any CPU
		{656EC8C6-EEDE-41F6-849D-1ECBC5BD34AD}.Debug|Any CPU.Build.0 = Debug|Any CPU
		{656EC8C6-EEDE-41F6-849D-1ECBC5BD34AD}.Release|Any CPU.ActiveCfg = Release|Any CPU
		{656EC8C6-EEDE-41F6-849D-1ECBC5BD34AD}.Release|Any CPU.Build.0 = Release|Any CPU
	EndGlobalSection
	GlobalSection(SolutionProperties) = preSolution
		HideSolutionNode = FALSE
	EndGlobalSection
	GlobalSection(ExtensibilityGlobals) = postSolution
		SolutionGuid = {EFA18CE2-DA6E-4F7E-9F7D-29776A3E17FA}
	EndGlobalSection
EndGlobal
