
Microsoft Visual Studio Solution File, Format Version 12.00
# Visual Studio Version 17
VisualStudioVersion = 17.5.33502.453
MinimumVisualStudioVersion = 10.0.40219.1
Project("{FAE04EC0-301F-11D3-BF4B-00C04F79EFBC}") = "Calculadora_are_diag_per_retan", "Calculadora_are_diag_per_retan\Calculadora_are_diag_per_retan.csproj", "{37FE7138-F0C6-4BDA-82EC-D4FBCE99B27E}"
EndProject
Global
	GlobalSection(SolutionConfigurationPlatforms) = preSolution
		Debug|Any CPU = Debug|Any CPU
		Release|Any CPU = Release|Any CPU
	EndGlobalSection
	GlobalSection(ProjectConfigurationPlatforms) = postSolution
		{37FE7138-F0C6-4BDA-82EC-D4FBCE99B27E}.Debug|Any CPU.ActiveCfg = Debug|Any CPU
		{37FE7138-F0C6-4BDA-82EC-D4FBCE99B27E}.Debug|Any CPU.Build.0 = Debug|Any CPU
		{37FE7138-F0C6-4BDA-82EC-D4FBCE99B27E}.Release|Any CPU.ActiveCfg = Release|Any CPU
		{37FE7138-F0C6-4BDA-82EC-D4FBCE99B27E}.Release|Any CPU.Build.0 = Release|Any CPU
	EndGlobalSection
	GlobalSection(SolutionProperties) = preSolution
		HideSolutionNode = FALSE
	EndGlobalSection
	GlobalSection(ExtensibilityGlobals) = postSolution
		SolutionGuid = {EB9BB4FB-4360-443D-AEFF-29CA63D9A5A5}
	EndGlobalSection
EndGlobal
